
Microsoft Visual Studio Solution File, Format Version 10.00
# Visual Studio 2008
Project("{FAE04EC0-301F-11D3-BF4B-00C04F79EFBC}") = "PhotoBooth", "PhotoBooth\PhotoBooth.csproj", "{360D6904-7ACE-4B32-8B16-BBA8E0E47F11}"
EndProject
Global
	GlobalSection(SolutionConfigurationPlatforms) = preSolution
		Debug|Any CPU = Debug|Any CPU
		Release|Any CPU = Release|Any CPU
	EndGlobalSection
	GlobalSection(ProjectConfigurationPlatforms) = postSolution
		{360D6904-7ACE-4B32-8B16-BBA8E0E47F11}.Debug|Any CPU.ActiveCfg = Debug|Any CPU
		{360D6904-7ACE-4B32-8B16-BBA8E0E47F11}.Debug|Any CPU.Build.0 = Debug|Any CPU
		{360D6904-7ACE-4B32-8B16-BBA8E0E47F11}.Release|Any CPU.ActiveCfg = Release|Any CPU
		{360D6904-7ACE-4B32-8B16-BBA8E0E47F11}.Release|Any CPU.Build.0 = Release|Any CPU
	EndGlobalSection
	GlobalSection(SolutionProperties) = preSolution
		HideSolutionNode = FALSE
	EndGlobalSection
EndGlobal
